
Microsoft Visual Studio Solution File, Format Version 12.00
# Visual Studio Version 16
VisualStudioVersion = 16.0.29215.179
MinimumVisualStudioVersion = 10.0.40219.1
Project("{FAE04EC0-301F-11D3-BF4B-00C04F79EFBC}") = "Iterations", "Iterations.csproj", "{930E6127-F159-441C-99F0-64A76B52AE68}"
EndProject
Global
	GlobalSection(SolutionConfigurationPlatforms) = preSolution
		Debug|Any CPU = Debug|Any CPU
		Release|Any CPU = Release|Any CPU
	EndGlobalSection
	GlobalSection(ProjectConfigurationPlatforms) = postSolution
		{930E6127-F159-441C-99F0-64A76B52AE68}.Debug|Any CPU.ActiveCfg = Debug|Any CPU
		{930E6127-F159-441C-99F0-64A76B52AE68}.Debug|Any CPU.Build.0 = Debug|Any CPU
		{930E6127-F159-441C-99F0-64A76B52AE68}.Release|Any CPU.ActiveCfg = Release|Any CPU
		{930E6127-F159-441C-99F0-64A76B52AE68}.Release|Any CPU.Build.0 = Release|Any CPU
	EndGlobalSection
	GlobalSection(SolutionProperties) = preSolution
		HideSolutionNode = FALSE
	EndGlobalSection
	GlobalSection(ExtensibilityGlobals) = postSolution
		SolutionGuid = {3DCC2DF3-D644-4C62-B7D5-A9E2A0526A8F}
	EndGlobalSection
EndGlobal
